
Microsoft Visual Studio Solution File, Format Version 12.00
Project("{FAE04EC0-301F-11D3-BF4B-00C04F79EFBC}") = "Mistakes.Journal.Api", "Mistakes.Journal.Api\Mistakes.Journal.Api.csproj", "{9B2B94E3-D9E9-4D0B-BBDB-0E79A5803696}"
EndProject
Global
	GlobalSection(SolutionConfigurationPlatforms) = preSolution
		Debug|Any CPU = Debug|Any CPU
		Release|Any CPU = Release|Any CPU
	EndGlobalSection
	GlobalSection(ProjectConfigurationPlatforms) = postSolution
		{9B2B94E3-D9E9-4D0B-BBDB-0E79A5803696}.Debug|Any CPU.ActiveCfg = Debug|Any CPU
		{9B2B94E3-D9E9-4D0B-BBDB-0E79A5803696}.Debug|Any CPU.Build.0 = Debug|Any CPU
		{9B2B94E3-D9E9-4D0B-BBDB-0E79A5803696}.Release|Any CPU.ActiveCfg = Release|Any CPU
		{9B2B94E3-D9E9-4D0B-BBDB-0E79A5803696}.Release|Any CPU.Build.0 = Release|Any CPU
	EndGlobalSection
EndGlobal
